Microsoft Visual Studio Solution File, Format Version 12.00
# Visual Studio Version 17
VisualStudioVersion = 17.5.2.0
MinimumVisualStudioVersion = 10.0.40219.1
Project("{2150E333-8FDC-42A3-9474-1A3956D46DE8}") = "WPFParticleAnimation", "WPFParticleAnimation", "{60BCF44E-7FA3-5FDC-5379-735AC7A69AFA}"
EndProject
Project("{FAE04EC0-301F-11D3-BF4B-00C04F79EFBC}") = "ParticleAnimationWPF", "WPFParticleAnimation\ParticleAnimationWPF\ParticleAnimationWPF.csproj", "{9C4FBAD6-FE67-122B-8327-226DE9C98864}"
EndProject
Global
	GlobalSection(SolutionConfigurationPlatforms) = preSolution
		Debug|Any CPU = Debug|Any CPU
		Release|Any CPU = Release|Any CPU
	EndGlobalSection
	GlobalSection(ProjectConfigurationPlatforms) = postSolution
		{9C4FBAD6-FE67-122B-8327-226DE9C98864}.Debug|Any CPU.ActiveCfg = Debug|Any CPU
		{9C4FBAD6-FE67-122B-8327-226DE9C98864}.Debug|Any CPU.Build.0 = Debug|Any CPU
		{9C4FBAD6-FE67-122B-8327-226DE9C98864}.Release|Any CPU.ActiveCfg = Release|Any CPU
		{9C4FBAD6-FE67-122B-8327-226DE9C98864}.Release|Any CPU.Build.0 = Release|Any CPU
	EndGlobalSection
	GlobalSection(SolutionProperties) = preSolution
		HideSolutionNode = FALSE
	EndGlobalSection
	GlobalSection(NestedProjects) = preSolution
		{9C4FBAD6-FE67-122B-8327-226DE9C98864} = {60BCF44E-7FA3-5FDC-5379-735AC7A69AFA}
	EndGlobalSection
	GlobalSection(ExtensibilityGlobals) = postSolution
		SolutionGuid = {DAA2F004-33F6-4C37-9961-337A31780CAE}
	EndGlobalSection
EndGlobal
